
Microsoft Visual Studio Solution File, Format Version 12.00
# Visual Studio Version 16
VisualStudioVersion = 16.0.31729.503
MinimumVisualStudioVersion = 10.0.40219.1
Project("{FAE04EC0-301F-11D3-BF4B-00C04F79EFBC}") = "ATM APP", "ATM APP\ATM APP.csproj", "{501E9D7E-8748-4947-BAB9-37012E0E3B8E}"
EndProject
Global
	GlobalSection(SolutionConfigurationPlatforms) = preSolution
		Debug|Any CPU = Debug|Any CPU
		Release|Any CPU = Release|Any CPU
	EndGlobalSection
	GlobalSection(ProjectConfigurationPlatforms) = postSolution
		{501E9D7E-8748-4947-BAB9-37012E0E3B8E}.Debug|Any CPU.ActiveCfg = Debug|Any CPU
		{501E9D7E-8748-4947-BAB9-37012E0E3B8E}.Debug|Any CPU.Build.0 = Debug|Any CPU
		{501E9D7E-8748-4947-BAB9-37012E0E3B8E}.Release|Any CPU.ActiveCfg = Release|Any CPU
		{501E9D7E-8748-4947-BAB9-37012E0E3B8E}.Release|Any CPU.Build.0 = Release|Any CPU
	EndGlobalSection
	GlobalSection(SolutionProperties) = preSolution
		HideSolutionNode = FALSE
	EndGlobalSection
	GlobalSection(ExtensibilityGlobals) = postSolution
		SolutionGuid = {0F97A9B1-B2EA-4CFA-94A1-08372D387B44}
	EndGlobalSection
EndGlobal
